// !$*UTF8*$!
{
	archiveVersion = 1;
	classes = {
	};
	objectVersion = 50;
	objects = {

/* Begin PBXBuildFile section */
		BF1ED4862434BA4A00DFAC02 /* AppDelegate.swift in Sources */ = {isa = PBXBuildFile; fileRef = BF1ED4852434BA4A00DFAC02 /* AppDelegate.swift */; };
		BF1ED4882434BA4A00DFAC02 /* SceneDelegate.swift in Sources */ = {isa = PBXBuildFile; fileRef = BF1ED4872434BA4A00DFAC02 /* SceneDelegate.swift */; };
		BF1ED48F2434BA4F00DFAC02 /* Assets.xcassets in Resources */ = {isa = PBXBuildFile; fileRef = BF1ED48E2434BA4F00DFAC02 /* Assets.xcassets */; };
		BF1ED4922434BA4F00DFAC02 /* LaunchScreen.storyboard in Resources */ = {isa = PBXBuildFile; fileRef = BF1ED4902434BA4F00DFAC02 /* LaunchScreen.storyboard */; };
		BF1ED49D2434BA4F00DFAC02 /* AtripTests.swift in Sources */ = {isa = PBXBuildFile; fileRef = BF1ED49C2434BA4F00DFAC02 /* AtripTests.swift */; };
		BF1ED4A82434BA4F00DFAC02 /* AtripUITests.swift in Sources */ = {isa = PBXBuildFile; fileRef = BF1ED4A72434BA4F00DFAC02 /* AtripUITests.swift */; };
		BF1ED4B8243A188000DFAC02 /* LeftmenuViewController.swift in Sources */ = {isa = PBXBuildFile; fileRef = BF1ED4B7243A188000DFAC02 /* LeftmenuViewController.swift */; };
		BF1ED4BA243B640D00DFAC02 /* SlideInTransition.swift in Sources */ = {isa = PBXBuildFile; fileRef = BF1ED4B9243B640D00DFAC02 /* SlideInTransition.swift */; };
		BF1ED4BC243B67CF00DFAC02 /* Enums.swift in Sources */ = {isa = PBXBuildFile; fileRef = BF1ED4BB243B67CF00DFAC02 /* Enums.swift */; };
		BF1ED4BE243D2CF400DFAC02 /* Constants.swift in Sources */ = {isa = PBXBuildFile; fileRef = BF1ED4BD243D2CF400DFAC02 /* Constants.swift */; };
		BF28AA1A24551D70009707CC /* Actrip.storyboard in Resources */ = {isa = PBXBuildFile; fileRef = BF28AA1924551D70009707CC /* Actrip.storyboard */; };
		BF28AA1C24552031009707CC /* ATMainViewController.swift in Sources */ = {isa = PBXBuildFile; fileRef = BF28AA1B24552031009707CC /* ATMainViewController.swift */; };
		BF3F89E6245C8879004A7EA7 /* MainTipCollectionViewCell.swift in Sources */ = {isa = PBXBuildFile; fileRef = BF3F89E5245C8879004A7EA7 /* MainTipCollectionViewCell.swift */; };
		BF3F89E8245D33EF004A7EA7 /* UIImageViewExtension.swift in Sources */ = {isa = PBXBuildFile; fileRef = BF3F89E7245D33EE004A7EA7 /* UIImageViewExtension.swift */; };
		BF3F89EA245EBDCF004A7EA7 /* HashTagCollectionViewCell.swift in Sources */ = {isa = PBXBuildFile; fileRef = BF3F89E9245EBDCF004A7EA7 /* HashTagCollectionViewCell.swift */; };
		BF84D174243D2F2400C578CF /* Dictionary.swift in Sources */ = {isa = PBXBuildFile; fileRef = BF84D173243D2F2400C578CF /* Dictionary.swift */; };
		BF84D176243D332200C578CF /* DataStore.swift in Sources */ = {isa = PBXBuildFile; fileRef = BF84D175243D332200C578CF /* DataStore.swift */; };
		BF84D179243D33CA00C578CF /* MainScreenModel.swift in Sources */ = {isa = PBXBuildFile; fileRef = BF84D178243D33CA00C578CF /* MainScreenModel.swift */; };
/* End PBXBuildFile section */

/* Begin PBXContainerItemProxy section */
		BF1ED4992434BA4F00DFAC02 /* PBXContainerItemProxy */ = {
			isa = PBXContainerItemProxy;
			containerPortal = BF1ED47A2434BA4A00DFAC02 /* Project object */;
			proxyType = 1;
			remoteGlobalIDString = BF1ED4812434BA4A00DFAC02;
			remoteInfo = Atrip;
		};
		BF1ED4A42434BA4F00DFAC02 /* PBXContainerItemProxy */ = {
			isa = PBXContainerItemProxy;
			containerPortal = BF1ED47A2434BA4A00DFAC02 /* Project object */;
			proxyType = 1;
			remoteGlobalIDString = BF1ED4812434BA4A00DFAC02;
			remoteInfo = Atrip;
		};
/* End PBXContainerItemProxy section */

/* Begin PBXFileReference section */
		BF1ED4822434BA4A00DFAC02 /* Atrip.app */ = {isa = PBXFileReference; explicitFileType = wrapper.application; includeInIndex = 0; path = Atrip.app; sourceTree = BUILT_PRODUCTS_DIR; };
		BF1ED4852434BA4A00DFAC02 /* AppDelegate.swift */ = {isa = PBXFileReference; lastKnownFileType = sourcecode.swift; path = AppDelegate.swift; sourceTree = "<group>"; };
		BF1ED4872434BA4A00DFAC02 /* SceneDelegate.swift */ = {isa = PBXFileReference; lastKnownFileType = sourcecode.swift; path = SceneDelegate.swift; sourceTree = "<group>"; };
		BF1ED48E2434BA4F00DFAC02 /* Assets.xcassets */ = {isa = PBXFileReference; lastKnownFileType = folder.assetcatalog; path = Assets.xcassets; sourceTree = "<group>"; };
		BF1ED4912434BA4F00DFAC02 /* Base */ = {isa = PBXFileReference; lastKnownFileType = file.storyboard; name = Base; path = Base.lproj/LaunchScreen.storyboard; sourceTree = "<group>"; };
		BF1ED4932434BA4F00DFAC02 /* Info.plist */ = {isa = PBXFileReference; lastKnownFileType = text.plist.xml; path = Info.plist; sourceTree = "<group>"; };
		BF1ED4982434BA4F00DFAC02 /* AtripTests.xctest */ = {isa = PBXFileReference; explicitFileType = wrapper.cfbundle; includeInIndex = 0; path = AtripTests.xctest; sourceTree = BUILT_PRODUCTS_DIR; };
		BF1ED49C2434BA4F00DFAC02 /* AtripTests.swift */ = {isa = PBXFileReference; lastKnownFileType = sourcecode.swift; path = AtripTests.swift; sourceTree = "<group>"; };
		BF1ED49E2434BA4F00DFAC02 /* Info.plist */ = {isa = PBXFileReference; lastKnownFileType = text.plist.xml; path = Info.plist; sourceTree = "<group>"; };
		BF1ED4A32434BA4F00DFAC02 /* AtripUITests.xctest */ = {isa = PBXFileReference; explicitFileType = wrapper.cfbundle; includeInIndex = 0; path = AtripUITests.xctest; sourceTree = BUILT_PRODUCTS_DIR; };
		BF1ED4A72434BA4F00DFAC02 /* AtripUITests.swift */ = {isa = PBXFileReference; lastKnownFileType = sourcecode.swift; path = AtripUITests.swift; sourceTree = "<group>"; };
		BF1ED4A92434BA4F00DFAC02 /* Info.plist */ = {isa = PBXFileReference; lastKnownFileType = text.plist.xml; path = Info.plist; sourceTree = "<group>"; };
		BF1ED4B7243A188000DFAC02 /* LeftmenuViewController.swift */ = {isa = PBXFileReference; lastKnownFileType = sourcecode.swift; path = LeftmenuViewController.swift; sourceTree = "<group>"; };
		BF1ED4B9243B640D00DFAC02 /* SlideInTransition.swift */ = {isa = PBXFileReference; lastKnownFileType = sourcecode.swift; path = SlideInTransition.swift; sourceTree = "<group>"; };
		BF1ED4BB243B67CF00DFAC02 /* Enums.swift */ = {isa = PBXFileReference; lastKnownFileType = sourcecode.swift; path = Enums.swift; sourceTree = "<group>"; };
		BF1ED4BD243D2CF400DFAC02 /* Constants.swift */ = {isa = PBXFileReference; lastKnownFileType = sourcecode.swift; path = Constants.swift; sourceTree = "<group>"; };
		BF28AA1924551D70009707CC /* Actrip.storyboard */ = {isa = PBXFileReference; lastKnownFileType = file.storyboard; path = Actrip.storyboard; sourceTree = "<group>"; };
		BF28AA1B24552031009707CC /* ATMainViewController.swift */ = {isa = PBXFileReference; lastKnownFileType = sourcecode.swift; path = ATMainViewController.swift; sourceTree = "<group>"; };
		BF3F89E5245C8879004A7EA7 /* MainTipCollectionViewCell.swift */ = {isa = PBXFileReference; lastKnownFileType = sourcecode.swift; path = MainTipCollectionViewCell.swift; sourceTree = "<group>"; };
		BF3F89E7245D33EE004A7EA7 /* UIImageViewExtension.swift */ = {isa = PBXFileReference; lastKnownFileType = sourcecode.swift; path = UIImageViewExtension.swift; sourceTree = "<group>"; };
		BF3F89E9245EBDCF004A7EA7 /* HashTagCollectionViewCell.swift */ = {isa = PBXFileReference; lastKnownFileType = sourcecode.swift; path = HashTagCollectionViewCell.swift; sourceTree = "<group>"; };
		BF84D173243D2F2400C578CF /* Dictionary.swift */ = {isa = PBXFileReference; lastKnownFileType = sourcecode.swift; path = Dictionary.swift; sourceTree = "<group>"; };
		BF84D175243D332200C578CF /* DataStore.swift */ = {isa = PBXFileReference; lastKnownFileType = sourcecode.swift; path = DataStore.swift; sourceTree = "<group>"; };
		BF84D178243D33CA00C578CF /* MainScreenModel.swift */ = {isa = PBXFileReference; lastKnownFileType = sourcecode.swift; path = MainScreenModel.swift; sourceTree = "<group>"; };
/* End PBXFileReference section */

/* Begin PBXFrameworksBuildPhase section */
		BF1ED47F2434BA4A00DFAC02 /* Frameworks */ = {
			isa = PBXFrameworksBuildPhase;
			buildActionMask = 2147483647;
			files = (
			);
			runOnlyForDeploymentPostprocessing = 0;
		};
		BF1ED4952434BA4F00DFAC02 /* Frameworks */ = {
			isa = PBXFrameworksBuildPhase;
			buildActionMask = 2147483647;
			files = (
			);
			runOnlyForDeploymentPostprocessing = 0;
		};
		BF1ED4A02434BA4F00DFAC02 /* Frameworks */ = {
			isa = PBXFrameworksBuildPhase;
			buildActionMask = 2147483647;
			files = (
			);
			runOnlyForDeploymentPostprocessing = 0;
		};
/* End PBXFrameworksBuildPhase section */

/* Begin PBXGroup section */
		BF1ED4792434BA4A00DFAC02 = {
			isa = PBXGroup;
			children = (
				BF1ED4842434BA4A00DFAC02 /* Atrip */,
				BF1ED49B2434BA4F00DFAC02 /* AtripTests */,
				BF1ED4A62434BA4F00DFAC02 /* AtripUITests */,
				BF1ED4832434BA4A00DFAC02 /* Products */,
			);
			sourceTree = "<group>";
		};
		BF1ED4832434BA4A00DFAC02 /* Products */ = {
			isa = PBXGroup;
			children = (
				BF1ED4822434BA4A00DFAC02 /* Atrip.app */,
				BF1ED4982434BA4F00DFAC02 /* AtripTests.xctest */,
				BF1ED4A32434BA4F00DFAC02 /* AtripUITests.xctest */,
			);
			name = Products;
			sourceTree = "<group>";
		};
		BF1ED4842434BA4A00DFAC02 /* Atrip */ = {
			isa = PBXGroup;
			children = (
				BF84D1852440B05900C578CF /* Supporting Files */,
				BF84D17C243DE68A00C578CF /* Extension */,
				BF1ED4BF243D2D0100DFAC02 /* Common */,
				BF84D177243D335A00C578CF /* Model */,
				BF84D17E243DE74300C578CF /* Helper */,
				BF84D17B243DE1DE00C578CF /* Controller */,
				BF84D17D243DE6DC00C578CF /* View */,
			);
			path = Atrip;
			sourceTree = "<group>";
		};
		BF1ED49B2434BA4F00DFAC02 /* AtripTests */ = {
			isa = PBXGroup;
			children = (
				BF1ED49C2434BA4F00DFAC02 /* AtripTests.swift */,
				BF1ED49E2434BA4F00DFAC02 /* Info.plist */,
			);
			path = AtripTests;
			sourceTree = "<group>";
		};
		BF1ED4A62434BA4F00DFAC02 /* AtripUITests */ = {
			isa = PBXGroup;
			children = (
				BF1ED4A72434BA4F00DFAC02 /* AtripUITests.swift */,
				BF1ED4A92434BA4F00DFAC02 /* Info.plist */,
			);
			path = AtripUITests;
			sourceTree = "<group>";
		};
		BF1ED4BF243D2D0100DFAC02 /* Common */ = {
			isa = PBXGroup;
			children = (
				BF1ED4BD243D2CF400DFAC02 /* Constants.swift */,
				BF1ED4BB243B67CF00DFAC02 /* Enums.swift */,
			);
			path = Common;
			sourceTree = "<group>";
		};
		BF84D177243D335A00C578CF /* Model */ = {
			isa = PBXGroup;
			children = (
				BF84D175243D332200C578CF /* DataStore.swift */,
				BF84D178243D33CA00C578CF /* MainScreenModel.swift */,
			);
			path = Model;
			sourceTree = "<group>";
		};
		BF84D17B243DE1DE00C578CF /* Controller */ = {
			isa = PBXGroup;
			children = (
				BF28AA1B24552031009707CC /* ATMainViewController.swift */,
				BF1ED4B7243A188000DFAC02 /* LeftmenuViewController.swift */,
			);
			path = Controller;
			sourceTree = "<group>";
		};
		BF84D17C243DE68A00C578CF /* Extension */ = {
			isa = PBXGroup;
			children = (
				BF84D173243D2F2400C578CF /* Dictionary.swift */,
				BF3F89E7245D33EE004A7EA7 /* UIImageViewExtension.swift */,
			);
			path = Extension;
			sourceTree = "<group>";
		};
		BF84D17D243DE6DC00C578CF /* View */ = {
			isa = PBXGroup;
			children = (
				BF1ED4902434BA4F00DFAC02 /* LaunchScreen.storyboard */,
				BF28AA1924551D70009707CC /* Actrip.storyboard */,
				BF3F89E9245EBDCF004A7EA7 /* HashTagCollectionViewCell.swift */,
				BF3F89E5245C8879004A7EA7 /* MainTipCollectionViewCell.swift */,
			);
			path = View;
			sourceTree = "<group>";
		};
		BF84D17E243DE74300C578CF /* Helper */ = {
			isa = PBXGroup;
			children = (
				BF1ED4B9243B640D00DFAC02 /* SlideInTransition.swift */,
			);
			path = Helper;
			sourceTree = "<group>";
		};
		BF84D1852440B05900C578CF /* Supporting Files */ = {
			isa = PBXGroup;
			children = (
				BF1ED4852434BA4A00DFAC02 /* AppDelegate.swift */,
				BF1ED4872434BA4A00DFAC02 /* SceneDelegate.swift */,
				BF1ED48E2434BA4F00DFAC02 /* Assets.xcassets */,
				BF1ED4932434BA4F00DFAC02 /* Info.plist */,
			);
			path = "Supporting Files";
			sourceTree = "<group>";
		};
/* End PBXGroup section */

/* Begin PBXNativeTarget section */
		BF1ED4812434BA4A00DFAC02 /* Atrip */ = {
			isa = PBXNativeTarget;
			buildConfigurationList = BF1ED4AC2434BA4F00DFAC02 /* Build configuration list for PBXNativeTarget "Atrip" */;
			buildPhases = (
				BF1ED47E2434BA4A00DFAC02 /* Sources */,
				BF1ED47F2434BA4A00DFAC02 /* Frameworks */,
				BF1ED4802434BA4A00DFAC02 /* Resources */,
			);
			buildRules = (
			);
			dependencies = (
			);
			name = Atrip;
			productName = Atrip;
			productReference = BF1ED4822434BA4A00DFAC02 /* Atrip.app */;
			productType = "com.apple.product-type.application";
		};
		BF1ED4972434BA4F00DFAC02 /* AtripTests */ = {
			isa = PBXNativeTarget;
			buildConfigurationList = BF1ED4AF2434BA4F00DFAC02 /* Build configuration list for PBXNativeTarget "AtripTests" */;
			buildPhases = (
				BF1ED4942434BA4F00DFAC02 /* Sources */,
				BF1ED4952434BA4F00DFAC02 /* Frameworks */,
				BF1ED4962434BA4F00DFAC02 /* Resources */,
			);
			buildRules = (
			);
			dependencies = (
				BF1ED49A2434BA4F00DFAC02 /* PBXTargetDependency */,
			);
			name = AtripTests;
			productName = AtripTests;
			productReference = BF1ED4982434BA4F00DFAC02 /* AtripTests.xctest */;
			productType = "com.apple.product-type.bundle.unit-test";
		};
		BF1ED4A22434BA4F00DFAC02 /* AtripUITests */ = {
			isa = PBXNativeTarget;
			buildConfigurationList = BF1ED4B22434BA4F00DFAC02 /* Build configuration list for PBXNativeTarget "AtripUITests" */;
			buildPhases = (
				BF1ED49F2434BA4F00DFAC02 /* Sources */,
				BF1ED4A02434BA4F00DFAC02 /* Frameworks */,
				BF1ED4A12434BA4F00DFAC02 /* Resources */,
			);
			buildRules = (
			);
			dependencies = (
				BF1ED4A52434BA4F00DFAC02 /* PBXTargetDependency */,
			);
			name = AtripUITests;
			productName = AtripUITests;
			productReference = BF1ED4A32434BA4F00DFAC02 /* AtripUITests.xctest */;
			productType = "com.apple.product-type.bundle.ui-testing";
		};
/* End PBXNativeTarget section */

/* Begin PBXProject section */
		BF1ED47A2434BA4A00DFAC02 /* Project object */ = {
			isa = PBXProject;
			attributes = {
				LastSwiftUpdateCheck = 1130;
				LastUpgradeCheck = 1130;
				ORGANIZATIONNAME = jimmy;
				TargetAttributes = {
					BF1ED4812434BA4A00DFAC02 = {
						CreatedOnToolsVersion = 11.3.1;
					};
					BF1ED4972434BA4F00DFAC02 = {
						CreatedOnToolsVersion = 11.3.1;
						TestTargetID = BF1ED4812434BA4A00DFAC02;
					};
					BF1ED4A22434BA4F00DFAC02 = {
						CreatedOnToolsVersion = 11.3.1;
						TestTargetID = BF1ED4812434BA4A00DFAC02;
					};
				};
			};
			buildConfigurationList = BF1ED47D2434BA4A00DFAC02 /* Build configuration list for PBXProject "Atrip" */;
			compatibilityVersion = "Xcode 9.3";
			developmentRegion = en;
			hasScannedForEncodings = 0;
			knownRegions = (
				en,
				Base,
			);
			mainGroup = BF1ED4792434BA4A00DFAC02;
			productRefGroup = BF1ED4832434BA4A00DFAC02 /* Products */;
			projectDirPath = "";
			projectRoot = "";
			targets = (
				BF1ED4812434BA4A00DFAC02 /* Atrip */,
				BF1ED4972434BA4F00DFAC02 /* AtripTests */,
				BF1ED4A22434BA4F00DFAC02 /* AtripUITests */,
			);
		};
/* End PBXProject section */

/* Begin PBXResourcesBuildPhase section */
		BF1ED4802434BA4A00DFAC02 /* Resources */ = {
			isa = PBXResourcesBuildPhase;
			buildActionMask = 2147483647;
			files = (
				BF1ED4922434BA4F00DFAC02 /* LaunchScreen.storyboard in Resources */,
				BF1ED48F2434BA4F00DFAC02 /* Assets.xcassets in Resources */,
				BF28AA1A24551D70009707CC /* Actrip.storyboard in Resources */,
			);
			runOnlyForDeploymentPostprocessing = 0;
		};
		BF1ED4962434BA4F00DFAC02 /* Resources */ = {
			isa = PBXResourcesBuildPhase;
			buildActionMask = 2147483647;
			files = (
			);
			runOnlyForDeploymentPostprocessing = 0;
		};
		BF1ED4A12434BA4F00DFAC02 /* Resources */ = {
			isa = PBXResourcesBuildPhase;
			buildActionMask = 2147483647;
			files = (
			);
			runOnlyForDeploymentPostprocessing = 0;
		};
/* End PBXResourcesBuildPhase section */

/* Begin PBXSourcesBuildPhase section */
		BF1ED47E2434BA4A00DFAC02 /* Sources */ = {
			isa = PBXSourcesBuildPhase;
			buildActionMask = 2147483647;
			files = (
				BF1ED4862434BA4A00DFAC02 /* AppDelegate.swift in Sources */,
				BF84D179243D33CA00C578CF /* MainScreenModel.swift in Sources */,
				BF1ED4B8243A188000DFAC02 /* LeftmenuViewController.swift in Sources */,
				BF1ED4882434BA4A00DFAC02 /* SceneDelegate.swift in Sources */,
				BF1ED4BE243D2CF400DFAC02 /* Constants.swift in Sources */,
				BF1ED4BC243B67CF00DFAC02 /* Enums.swift in Sources */,
				BF3F89E6245C8879004A7EA7 /* MainTipCollectionViewCell.swift in Sources */,
				BF1ED4BA243B640D00DFAC02 /* SlideInTransition.swift in Sources */,
				BF28AA1C24552031009707CC /* ATMainViewController.swift in Sources */,
				BF84D176243D332200C578CF /* DataStore.swift in Sources */,
				BF3F89E8245D33EF004A7EA7 /* UIImageViewExtension.swift in Sources */,
				BF3F89EA245EBDCF004A7EA7 /* HashTagCollectionViewCell.swift in Sources */,
				BF84D174243D2F2400C578CF /* Dictionary.swift in Sources */,
			);
			runOnlyForDeploymentPostprocessing = 0;
		};
		BF1ED4942434BA4F00DFAC02 /* Sources */ = {
			isa = PBXSourcesBuildPhase;
			buildActionMask = 2147483647;
			files = (
				BF1ED49D2434BA4F00DFAC02 /* AtripTests.swift in Sources */,
			);
			runOnlyForDeploymentPostprocessing = 0;
		};
		BF1ED49F2434BA4F00DFAC02 /* Sources */ = {
			isa = PBXSourcesBuildPhase;
			buildActionMask = 2147483647;
			files = (
				BF1ED4A82434BA4F00DFAC02 /* AtripUITests.swift in Sources */,
			);
			runOnlyForDeploymentPostprocessing = 0;
		};
/* End PBXSourcesBuildPhase section */

/* Begin PBXTargetDependency section */
		BF1ED49A2434BA4F00DFAC02 /* PBXTargetDependency */ = {
			isa = PBXTargetDependency;
			target = BF1ED4812434BA4A00DFAC02 /* Atrip */;
			targetProxy = BF1ED4992434BA4F00DFAC02 /* PBXContainerItemProxy */;
		};
		BF1ED4A52434BA4F00DFAC02 /* PBXTargetDependency */ = {
			isa = PBXTargetDependency;
			target = BF1ED4812434BA4A00DFAC02 /* Atrip */;
			targetProxy = BF1ED4A42434BA4F00DFAC02 /* PBXContainerItemProxy */;
		};
/* End PBXTargetDependency section */

/* Begin PBXVariantGroup section */
		BF1ED4902434BA4F00DFAC02 /* LaunchScreen.storyboard */ = {
			isa = PBXVariantGroup;
			children = (
				BF1ED4912434BA4F00DFAC02 /* Base */,
			);
			name = LaunchScreen.storyboard;
			sourceTree = "<group>";
		};
/* End PBXVariantGroup section */

/* Begin XCBuildConfiguration section */
		BF1ED4AA2434BA4F00DFAC02 /* Debug */ = {
			isa = XCBuildConfiguration;
			buildSettings = {
				ALWAYS_SEARCH_USER_PATHS = NO;
				CLANG_ANALYZER_NONNULL = YES;
				CLANG_ANALYZER_NUMBER_OBJECT_CONVERSION = YES_AGGRESSIVE;
				CLANG_CXX_LANGUAGE_STANDARD = "gnu++14";
				CLANG_CXX_LIBRARY = "libc++";
				CLANG_ENABLE_MODULES = YES;
				CLANG_ENABLE_OBJC_ARC = YES;
				CLANG_ENABLE_OBJC_WEAK = YES;
				CLANG_WARN_BLOCK_CAPTURE_AUTORELEASING = YES;
				CLANG_WARN_BOOL_CONVERSION = YES;
				CLANG_WARN_COMMA = YES;
				CLANG_WARN_CONSTANT_CONVERSION = YES;
				CLANG_WARN_DEPRECATED_OBJC_IMPLEMENTATIONS = YES;
				CLANG_WARN_DIRECT_OBJC_ISA_USAGE = YES_ERROR;
				CLANG_WARN_DOCUMENTATION_COMMENTS = YES;
				CLANG_WARN_EMPTY_BODY = YES;
				CLANG_WARN_ENUM_CONVERSION = YES;
				CLANG_WARN_INFINITE_RECURSION = YES;
				CLANG_WARN_INT_CONVERSION = YES;
				CLANG_WARN_NON_LITERAL_NULL_CONVERSION = YES;
				CLANG_WARN_OBJC_IMPLICIT_RETAIN_SELF = YES;
				CLANG_WARN_OBJC_LITERAL_CONVERSION = YES;
				CLANG_WARN_OBJC_ROOT_CLASS = YES_ERROR;
				CLANG_WARN_RANGE_LOOP_ANALYSIS = YES;
				CLANG_WARN_STRICT_PROTOTYPES = YES;
				CLANG_WARN_SUSPICIOUS_MOVE = YES;
				CLANG_WARN_UNGUARDED_AVAILABILITY = YES_AGGRESSIVE;
				CLANG_WARN_UNREACHABLE_CODE = YES;
				CLANG_WARN__DUPLICATE_METHOD_MATCH = YES;
				COPY_PHASE_STRIP = NO;
				DEBUG_INFORMATION_FORMAT = dwarf;
				ENABLE_STRICT_OBJC_MSGSEND = YES;
				ENABLE_TESTABILITY = YES;
				GCC_C_LANGUAGE_STANDARD = gnu11;
				GCC_DYNAMIC_NO_PIC = NO;
				GCC_NO_COMMON_BLOCKS = YES;
				GCC_OPTIMIZATION_LEVEL = 0;
				GCC_PREPROCESSOR_DEFINITIONS = (
					"DEBUG=1",
					"$(inherited)",
				);
				GCC_WARN_64_TO_32_BIT_CONVERSION = YES;
				GCC_WARN_ABOUT_RETURN_TYPE = YES_ERROR;
				GCC_WARN_UNDECLARED_SELECTOR = YES;
				GCC_WARN_UNINITIALIZED_AUTOS = YES_AGGRESSIVE;
				GCC_WARN_UNUSED_FUNCTION = YES;
				GCC_WARN_UNUSED_VARIABLE = YES;
				IPHONEOS_DEPLOYMENT_TARGET = 13.2;
				MTL_ENABLE_DEBUG_INFO = INCLUDE_SOURCE;
				MTL_FAST_MATH = YES;
				ONLY_ACTIVE_ARCH = YES;
				SDKROOT = iphoneos;
				SWIFT_ACTIVE_COMPILATION_CONDITIONS = DEBUG;
				SWIFT_OPTIMIZATION_LEVEL = "-Onone";
			};
			name = Debug;
		};
		BF1ED4AB2434BA4F00DFAC02 /* Release */ = {
			isa = XCBuildConfiguration;
			buildSettings = {
				ALWAYS_SEARCH_USER_PATHS = NO;
				CLANG_ANALYZER_NONNULL = YES;
				CLANG_ANALYZER_NUMBER_OBJECT_CONVERSION = YES_AGGRESSIVE;
				CLANG_CXX_LANGUAGE_STANDARD = "gnu++14";
				CLANG_CXX_LIBRARY = "libc++";
				CLANG_ENABLE_MODULES = YES;
				CLANG_ENABLE_OBJC_ARC = YES;
				CLANG_ENABLE_OBJC_WEAK = YES;
				CLANG_WARN_BLOCK_CAPTURE_AUTORELEASING = YES;
				CLANG_WARN_BOOL_CONVERSION = YES;
				CLANG_WARN_COMMA = YES;
				CLANG_WARN_CONSTANT_CONVERSION = YES;
				CLANG_WARN_DEPRECATED_OBJC_IMPLEMENTATIONS = YES;
				CLANG_WARN_DIRECT_OBJC_ISA_USAGE = YES_ERROR;
				CLANG_WARN_DOCUMENTATION_COMMENTS = YES;
				CLANG_WARN_EMPTY_BODY = YES;
				CLANG_WARN_ENUM_CONVERSION = YES;
				CLANG_WARN_INFINITE_RECURSION = YES;
				CLANG_WARN_INT_CONVERSION = YES;
				CLANG_WARN_NON_LITERAL_NULL_CONVERSION = YES;
				CLANG_WARN_OBJC_IMPLICIT_RETAIN_SELF = YES;
				CLANG_WARN_OBJC_LITERAL_CONVERSION = YES;
				CLANG_WARN_OBJC_ROOT_CLASS = YES_ERROR;
				CLANG_WARN_RANGE_LOOP_ANALYSIS = YES;
				CLANG_WARN_STRICT_PROTOTYPES = YES;
				CLANG_WARN_SUSPICIOUS_MOVE = YES;
				CLANG_WARN_UNGUARDED_AVAILABILITY = YES_AGGRESSIVE;
				CLANG_WARN_UNREACHABLE_CODE = YES;
				CLANG_WARN__DUPLICATE_METHOD_MATCH = YES;
				COPY_PHASE_STRIP = NO;
				DEBUG_INFORMATION_FORMAT = "dwarf-with-dsym";
				ENABLE_NS_ASSERTIONS = NO;
				ENABLE_STRICT_OBJC_MSGSEND = YES;
				GCC_C_LANGUAGE_STANDARD = gnu11;
				GCC_NO_COMMON_BLOCKS = YES;
				GCC_WARN_64_TO_32_BIT_CONVERSION = YES;
				GCC_WARN_ABOUT_RETURN_TYPE = YES_ERROR;
				GCC_WARN_UNDECLARED_SELECTOR = YES;
				GCC_WARN_UNINITIALIZED_AUTOS = YES_AGGRESSIVE;
				GCC_WARN_UNUSED_FUNCTION = YES;
				GCC_WARN_UNUSED_VARIABLE = YES;
				IPHONEOS_DEPLOYMENT_TARGET = 13.2;
				MTL_ENABLE_DEBUG_INFO = NO;
				MTL_FAST_MATH = YES;
				SDKROOT = iphoneos;
				SWIFT_COMPILATION_MODE = wholemodule;
				SWIFT_OPTIMIZATION_LEVEL = "-O";
				VALIDATE_PRODUCT = YES;
			};
			name = Release;
		};
		BF1ED4AD2434BA4F00DFAC02 /* Debug */ = {
			isa = XCBuildConfiguration;
			buildSettings = {
				ASSETCATALOG_COMPILER_APPICON_NAME = AppIcon;
				CODE_SIGN_STYLE = Automatic;
				DEVELOPMENT_TEAM = DB65B26YM9;
				INFOPLIST_FILE = "$(SRCROOT)/Atrip/Supporting Files/Info.plist";
				LD_RUNPATH_SEARCH_PATHS = (
					"$(inherited)",
					"@executable_path/Frameworks",
				);
				PRODUCT_BUNDLE_IDENTIFIER = net.yunaz.Atrip;
				PRODUCT_NAME = "$(TARGET_NAME)";
				SWIFT_VERSION = 5.0;
				TARGETED_DEVICE_FAMILY = "1,2";
			};
			name = Debug;
		};
		BF1ED4AE2434BA4F00DFAC02 /* Release */ = {
			isa = XCBuildConfiguration;
			buildSettings = {
				ASSETCATALOG_COMPILER_APPICON_NAME = AppIcon;
				CODE_SIGN_STYLE = Automatic;
				DEVELOPMENT_TEAM = DB65B26YM9;
				INFOPLIST_FILE = "$(SRCROOT)/Atrip/Supporting Files/Info.plist";
				LD_RUNPATH_SEARCH_PATHS = (
					"$(inherited)",
					"@executable_path/Frameworks",
				);
				PRODUCT_BUNDLE_IDENTIFIER = net.yunaz.Atrip;
				PRODUCT_NAME = "$(TARGET_NAME)";
				SWIFT_VERSION = 5.0;
				TARGETED_DEVICE_FAMILY = "1,2";
			};
			name = Release;
		};
		BF1ED4B02434BA4F00DFAC02 /* Debug */ = {
			isa = XCBuildConfiguration;
			buildSettings = {
				ALWAYS_EMBED_SWIFT_STANDARD_LIBRARIES = YES;
				BUNDLE_LOADER = "$(TEST_HOST)";
				CODE_SIGN_STYLE = Automatic;
				DEVELOPMENT_TEAM = DB65B26YM9;
				INFOPLIST_FILE = AtripTests/Info.plist;
				IPHONEOS_DEPLOYMENT_TARGET = 13.2;
				LD_RUNPATH_SEARCH_PATHS = (
					"$(inherited)",
					"@executable_path/Frameworks",
					"@loader_path/Frameworks",
				);
				PRODUCT_BUNDLE_IDENTIFIER = net.yunaz.AtripTests;
				PRODUCT_NAME = "$(TARGET_NAME)";
				SWIFT_VERSION = 5.0;
				TARGETED_DEVICE_FAMILY = "1,2";
				TEST_HOST = "$(BUILT_PRODUCTS_DIR)/Atrip.app/Atrip";
			};
			name = Debug;
		};
		BF1ED4B12434BA4F00DFAC02 /* Release */ = {
			isa = XCBuildConfiguration;
			buildSettings = {
				ALWAYS_EMBED_SWIFT_STANDARD_LIBRARIES = YES;
				BUNDLE_LOADER = "$(TEST_HOST)";
				CODE_SIGN_STYLE = Automatic;
				DEVELOPMENT_TEAM = DB65B26YM9;
				INFOPLIST_FILE = AtripTests/Info.plist;
				IPHONEOS_DEPLOYMENT_TARGET = 13.2;
				LD_RUNPATH_SEARCH_PATHS = (
					"$(inherited)",
					"@executable_path/Frameworks",
					"@loader_path/Frameworks",
				);
				PRODUCT_BUNDLE_IDENTIFIER = net.yunaz.AtripTests;
				PRODUCT_NAME = "$(TARGET_NAME)";
				SWIFT_VERSION = 5.0;
				TARGETED_DEVICE_FAMILY = "1,2";
				TEST_HOST = "$(BUILT_PRODUCTS_DIR)/Atrip.app/Atrip";
			};
			name = Release;
		};
		BF1ED4B32434BA4F00DFAC02 /* Debug */ = {
			isa = XCBuildConfiguration;
			buildSettings = {
				ALWAYS_EMBED_SWIFT_STANDARD_LIBRARIES = YES;
				CODE_SIGN_STYLE = Automatic;
				DEVELOPMENT_TEAM = DB65B26YM9;
				INFOPLIST_FILE = AtripUITests/Info.plist;
				LD_RUNPATH_SEARCH_PATHS = (
					"$(inherited)",
					"@executable_path/Frameworks",
					"@loader_path/Frameworks",
				);
				PRODUCT_BUNDLE_IDENTIFIER = net.yunaz.AtripUITests;
				PRODUCT_NAME = "$(TARGET_NAME)";
				SWIFT_VERSION = 5.0;
				TARGETED_DEVICE_FAMILY = "1,2";
				TEST_TARGET_NAME = Atrip;
			};
			name = Debug;
		};
		BF1ED4B42434BA4F00DFAC02 /* Release */ = {
			isa = XCBuildConfiguration;
			buildSettings = {
				ALWAYS_EMBED_SWIFT_STANDARD_LIBRARIES = YES;
				CODE_SIGN_STYLE = Automatic;
				DEVELOPMENT_TEAM = DB65B26YM9;
				INFOPLIST_FILE = AtripUITests/Info.plist;
				LD_RUNPATH_SEARCH_PATHS = (
					"$(inherited)",
					"@executable_path/Frameworks",
					"@loader_path/Frameworks",
				);
				PRODUCT_BUNDLE_IDENTIFIER = net.yunaz.AtripUITests;
				PRODUCT_NAME = "$(TARGET_NAME)";
				SWIFT_VERSION = 5.0;
				TARGETED_DEVICE_FAMILY = "1,2";
				TEST_TARGET_NAME = Atrip;
			};
			name = Release;
		};
/* End XCBuildConfiguration section */

/* Begin XCConfigurationList section */
		BF1ED47D2434BA4A00DFAC02 /* Build configuration list for PBXProject "Atrip" */ = {
			isa = XCConfigurationList;
			buildConfigurations = (
				BF1ED4AA2434BA4F00DFAC02 /* Debug */,
				BF1ED4AB2434BA4F00DFAC02 /* Release */,
			);
			defaultConfigurationIsVisible = 0;
			defaultConfigurationName = Release;
		};
		BF1ED4AC2434BA4F00DFAC02 /* Build configuration list for PBXNativeTarget "Atrip" */ = {
			isa = XCConfigurationList;
			buildConfigurations = (
				BF1ED4AD2434BA4F00DFAC02 /* Debug */,
				BF1ED4AE2434BA4F00DFAC02 /* Release */,
			);
			defaultConfigurationIsVisible = 0;
			defaultConfigurationName = Release;
		};
		BF1ED4AF2434BA4F00DFAC02 /* Build configuration list for PBXNativeTarget "AtripTests" */ = {
			isa = XCConfigurationList;
			buildConfigurations = (
				BF1ED4B02434BA4F00DFAC02 /* Debug */,
				BF1ED4B12434BA4F00DFAC02 /* Release */,
			);
			defaultConfigurationIsVisible = 0;
			defaultConfigurationName = Release;
		};
		BF1ED4B22434BA4F00DFAC02 /* Build configuration list for PBXNativeTarget "AtripUITests" */ = {
			isa = XCConfigurationList;
			buildConfigurations = (
				BF1ED4B32434BA4F00DFAC02 /* Debug */,
				BF1ED4B42434BA4F00DFAC02 /* Release */,
			);
			defaultConfigurationIsVisible = 0;
			defaultConfigurationName = Release;
		};
/* End XCConfigurationList section */
	};
	rootObject = BF1ED47A2434BA4A00DFAC02 /* Project object */;
}
